
Microsoft Visual Studio Solution File, Format Version 12.00
# Visual Studio Version 17
VisualStudioVersion = 17.2.32526.322
MinimumVisualStudioVersion = 10.0.40219.1
Project("{FAE04EC0-301F-11D3-BF4B-00C04F79EFBC}") = "Employee_details", "Employee_details.csproj", "{A2DBC2AD-717E-412B-AFE9-611269F099BD}"
EndProject
Global
	GlobalSection(SolutionConfigurationPlatforms) = preSolution
		Debug|Any CPU = Debug|Any CPU
		Release|Any CPU = Release|Any CPU
	EndGlobalSection
	GlobalSection(ProjectConfigurationPlatforms) = postSolution
		{A2DBC2AD-717E-412B-AFE9-611269F099BD}.Debug|Any CPU.ActiveCfg = Debug|Any CPU
		{A2DBC2AD-717E-412B-AFE9-611269F099BD}.Debug|Any CPU.Build.0 = Debug|Any CPU
		{A2DBC2AD-717E-412B-AFE9-611269F099BD}.Release|Any CPU.ActiveCfg = Release|Any CPU
		{A2DBC2AD-717E-412B-AFE9-611269F099BD}.Release|Any CPU.Build.0 = Release|Any CPU
	EndGlobalSection
	GlobalSection(SolutionProperties) = preSolution
		HideSolutionNode = FALSE
	EndGlobalSection
	GlobalSection(ExtensibilityGlobals) = postSolution
		SolutionGuid = {204298B6-E878-43D2-936B-264794C9864E}
	EndGlobalSection
EndGlobal
